Microsoft Visual Studio Solution File, Format Version 12.00
# Visual Studio Version 17
VisualStudioVersion = 17.13.35825.156
MinimumVisualStudioVersion = 10.0.40219.1
Project("{2150E333-8FDC-42A3-9474-1A3956D46DE8}") = "Configs", "Configs", "{02EA681E-C7D8-13C7-8484-4AC65E1B71E8}"
	ProjectSection(SolutionItems) = preProject
		.editorconfig = .editorconfig
		..\.gitattributes = ..\.gitattributes
		..\.gitignore = ..\.gitignore
		..\docker-compose.yaml = ..\docker-compose.yaml
		..\Dockerfile = ..\Dockerfile
		..\readme.md = ..\readme.md
	EndProjectSection
EndProject
Project("{FAE04EC0-301F-11D3-BF4B-00C04F79EFBC}") = "PasswordManager.Abstractions", "PasswordManager.Abstractions\PasswordManager.Abstractions.csproj", "{31802618-4E2D-4268-87D3-EF0AEF00767D}"
EndProject
Project("{FAE04EC0-301F-11D3-BF4B-00C04F79EFBC}") = "PasswordManager.External", "PasswordManager.External\PasswordManager.External.csproj", "{9FD77AAC-426D-4F69-A3B3-8A5345718235}"
EndProject
Project("{FAE04EC0-301F-11D3-BF4B-00C04F79EFBC}") = "PasswordManager.Core", "PasswordManager.Core\PasswordManager.Core.csproj", "{6912056A-157C-B0B1-1924-12A71F4DE6A5}"
EndProject
Project("{2150E333-8FDC-42A3-9474-1A3956D46DE8}") = "Tests", "Tests", "{FD22464F-5455-4818-82A8-9369B87D561A}"
EndProject
Project("{FAE04EC0-301F-11D3-BF4B-00C04F79EFBC}") = "PasswordManager.SecureData", "PasswordManager.SecureData\PasswordManager.SecureData.csproj", "{BEA6C713-8ED2-4E7C-8A23-77DF5AB726A2}"
EndProject
Project("{FAE04EC0-301F-11D3-BF4B-00C04F79EFBC}") = "PasswordManager.External.Tests", "Tests\PasswordManager.External.Tests\PasswordManager.External.Tests.csproj", "{5694D999-7082-4876-B168-76050A818257}"
EndProject
Project("{2150E333-8FDC-42A3-9474-1A3956D46DE8}") = "CI", "CI", "{605C8049-7EE0-4F73-8564-55E519810207}"
	ProjectSection(SolutionItems) = preProject
		..\.github\workflows\dotnet.yml = ..\.github\workflows\dotnet.yml
	EndProjectSection
EndProject
Project("{FAE04EC0-301F-11D3-BF4B-00C04F79EFBC}") = "PasswordManager.Core.Tests", "Tests\PasswordManager.Core.Tests\PasswordManager.Core.Tests.csproj", "{F7D23F80-8433-1F99-0292-D9D93648F2CC}"
EndProject
Project("{FAE04EC0-301F-11D3-BF4B-00C04F79EFBC}") = "PasswordManager.Aes", "PasswordManager.Aes\PasswordManager.Aes.csproj", "{690E9B1E-8870-498B-A8BB-A89C6F704481}"
EndProject
Project("{FAE04EC0-301F-11D3-BF4B-00C04F79EFBC}") = "PasswordManager.Aes.Tests", "Tests\PasswordManager.Aes.Tests\PasswordManager.Aes.Tests.csproj", "{BB9AEEF9-8A1C-4B0B-9B18-726BE1A2A9A9}"
EndProject
Project("{FAE04EC0-301F-11D3-BF4B-00C04F79EFBC}") = "PasswordManager.SecureData.Tests", "Tests\PasswordManager.SecureData.Tests\PasswordManager.SecureData.Tests.csproj", "{4232D471-EE49-4D51-9B19-7FD54751ED50}"
EndProject
Project("{FAE04EC0-301F-11D3-BF4B-00C04F79EFBC}") = "PasswordManager.Options", "PasswordManager.Options\PasswordManager.Options.csproj", "{B4BFFE84-A91A-B324-EB5C-DA45E4EA2ECA}"
EndProject
Project("{FAE04EC0-301F-11D3-BF4B-00C04F79EFBC}") = "PasswordManager.Options.Tests", "Tests\PasswordManager.Options.Tests\PasswordManager.Options.Tests.csproj", "{28CBE5B8-0497-426C-AD15-C946AD2E650B}"
EndProject
Project("{FAE04EC0-301F-11D3-BF4B-00C04F79EFBC}") = "PasswordManager.Web", "PasswordManager.Web\PasswordManager.Web.csproj", "{F07409DA-0120-45EC-B157-2954509A5530}"
EndProject
Project("{FAE04EC0-301F-11D3-BF4B-00C04F79EFBC}") = "PasswordManager.Web.Tests", "Tests\PasswordManager.Web.Tests\PasswordManager.Web.Tests.csproj", "{A6966B8E-7CF8-472D-B1C5-FC4AD9972BAC}"
EndProject
Global
	GlobalSection(SolutionConfigurationPlatforms) = preSolution
		Debug|Any CPU = Debug|Any CPU
		Debug|x64 = Debug|x64
		Debug|x86 = Debug|x86
		Release|Any CPU = Release|Any CPU
		Release|x64 = Release|x64
		Release|x86 = Release|x86
	EndGlobalSection
	GlobalSection(ProjectConfigurationPlatforms) = postSolution
		{31802618-4E2D-4268-87D3-EF0AEF00767D}.Debug|Any CPU.ActiveCfg = Debug|Any CPU
		{31802618-4E2D-4268-87D3-EF0AEF00767D}.Debug|Any CPU.Build.0 = Debug|Any CPU
		{31802618-4E2D-4268-87D3-EF0AEF00767D}.Debug|x64.ActiveCfg = Debug|Any CPU
		{31802618-4E2D-4268-87D3-EF0AEF00767D}.Debug|x64.Build.0 = Debug|Any CPU
		{31802618-4E2D-4268-87D3-EF0AEF00767D}.Debug|x86.ActiveCfg = Debug|Any CPU
		{31802618-4E2D-4268-87D3-EF0AEF00767D}.Debug|x86.Build.0 = Debug|Any CPU
		{31802618-4E2D-4268-87D3-EF0AEF00767D}.Release|Any CPU.ActiveCfg = Release|Any CPU
		{31802618-4E2D-4268-87D3-EF0AEF00767D}.Release|Any CPU.Build.0 = Release|Any CPU
		{31802618-4E2D-4268-87D3-EF0AEF00767D}.Release|x64.ActiveCfg = Release|Any CPU
		{31802618-4E2D-4268-87D3-EF0AEF00767D}.Release|x64.Build.0 = Release|Any CPU
		{31802618-4E2D-4268-87D3-EF0AEF00767D}.Release|x86.ActiveCfg = Release|Any CPU
		{31802618-4E2D-4268-87D3-EF0AEF00767D}.Release|x86.Build.0 = Release|Any CPU
		{9FD77AAC-426D-4F69-A3B3-8A5345718235}.Debug|Any CPU.ActiveCfg = Debug|Any CPU
		{9FD77AAC-426D-4F69-A3B3-8A5345718235}.Debug|Any CPU.Build.0 = Debug|Any CPU
		{9FD77AAC-426D-4F69-A3B3-8A5345718235}.Debug|x64.ActiveCfg = Debug|Any CPU
		{9FD77AAC-426D-4F69-A3B3-8A5345718235}.Debug|x64.Build.0 = Debug|Any CPU
		{9FD77AAC-426D-4F69-A3B3-8A5345718235}.Debug|x86.ActiveCfg = Debug|Any CPU
		{9FD77AAC-426D-4F69-A3B3-8A5345718235}.Debug|x86.Build.0 = Debug|Any CPU
		{9FD77AAC-426D-4F69-A3B3-8A5345718235}.Release|Any CPU.ActiveCfg = Release|Any CPU
		{9FD77AAC-426D-4F69-A3B3-8A5345718235}.Release|Any CPU.Build.0 = Release|Any CPU
		{9FD77AAC-426D-4F69-A3B3-8A5345718235}.Release|x64.ActiveCfg = Release|Any CPU
		{9FD77AAC-426D-4F69-A3B3-8A5345718235}.Release|x64.Build.0 = Release|Any CPU
		{9FD77AAC-426D-4F69-A3B3-8A5345718235}.Release|x86.ActiveCfg = Release|Any CPU
		{9FD77AAC-426D-4F69-A3B3-8A5345718235}.Release|x86.Build.0 = Release|Any CPU
		{6912056A-157C-B0B1-1924-12A71F4DE6A5}.Debug|Any CPU.ActiveCfg = Debug|Any CPU
		{6912056A-157C-B0B1-1924-12A71F4DE6A5}.Debug|Any CPU.Build.0 = Debug|Any CPU
		{6912056A-157C-B0B1-1924-12A71F4DE6A5}.Debug|x64.ActiveCfg = Debug|Any CPU
		{6912056A-157C-B0B1-1924-12A71F4DE6A5}.Debug|x64.Build.0 = Debug|Any CPU
		{6912056A-157C-B0B1-1924-12A71F4DE6A5}.Debug|x86.ActiveCfg = Debug|Any CPU
		{6912056A-157C-B0B1-1924-12A71F4DE6A5}.Debug|x86.Build.0 = Debug|Any CPU
		{6912056A-157C-B0B1-1924-12A71F4DE6A5}.Release|Any CPU.ActiveCfg = Release|Any CPU
		{6912056A-157C-B0B1-1924-12A71F4DE6A5}.Release|Any CPU.Build.0 = Release|Any CPU
		{6912056A-157C-B0B1-1924-12A71F4DE6A5}.Release|x64.ActiveCfg = Release|Any CPU
		{6912056A-157C-B0B1-1924-12A71F4DE6A5}.Release|x64.Build.0 = Release|Any CPU
		{6912056A-157C-B0B1-1924-12A71F4DE6A5}.Release|x86.ActiveCfg = Release|Any CPU
		{6912056A-157C-B0B1-1924-12A71F4DE6A5}.Release|x86.Build.0 = Release|Any CPU
		{BEA6C713-8ED2-4E7C-8A23-77DF5AB726A2}.Debug|Any CPU.ActiveCfg = Debug|Any CPU
		{BEA6C713-8ED2-4E7C-8A23-77DF5AB726A2}.Debug|Any CPU.Build.0 = Debug|Any CPU
		{BEA6C713-8ED2-4E7C-8A23-77DF5AB726A2}.Debug|x64.ActiveCfg = Debug|Any CPU
		{BEA6C713-8ED2-4E7C-8A23-77DF5AB726A2}.Debug|x64.Build.0 = Debug|Any CPU
		{BEA6C713-8ED2-4E7C-8A23-77DF5AB726A2}.Debug|x86.ActiveCfg = Debug|Any CPU
		{BEA6C713-8ED2-4E7C-8A23-77DF5AB726A2}.Debug|x86.Build.0 = Debug|Any CPU
		{BEA6C713-8ED2-4E7C-8A23-77DF5AB726A2}.Release|Any CPU.ActiveCfg = Release|Any CPU
		{BEA6C713-8ED2-4E7C-8A23-77DF5AB726A2}.Release|Any CPU.Build.0 = Release|Any CPU
		{BEA6C713-8ED2-4E7C-8A23-77DF5AB726A2}.Release|x64.ActiveCfg = Release|Any CPU
		{BEA6C713-8ED2-4E7C-8A23-77DF5AB726A2}.Release|x64.Build.0 = Release|Any CPU
		{BEA6C713-8ED2-4E7C-8A23-77DF5AB726A2}.Release|x86.ActiveCfg = Release|Any CPU
		{BEA6C713-8ED2-4E7C-8A23-77DF5AB726A2}.Release|x86.Build.0 = Release|Any CPU
		{5694D999-7082-4876-B168-76050A818257}.Debug|Any CPU.ActiveCfg = Debug|Any CPU
		{5694D999-7082-4876-B168-76050A818257}.Debug|Any CPU.Build.0 = Debug|Any CPU
		{5694D999-7082-4876-B168-76050A818257}.Debug|x64.ActiveCfg = Debug|Any CPU
		{5694D999-7082-4876-B168-76050A818257}.Debug|x64.Build.0 = Debug|Any CPU
		{5694D999-7082-4876-B168-76050A818257}.Debug|x86.ActiveCfg = Debug|Any CPU
		{5694D999-7082-4876-B168-76050A818257}.Debug|x86.Build.0 = Debug|Any CPU
		{5694D999-7082-4876-B168-76050A818257}.Release|Any CPU.ActiveCfg = Release|Any CPU
		{5694D999-7082-4876-B168-76050A818257}.Release|Any CPU.Build.0 = Release|Any CPU
		{5694D999-7082-4876-B168-76050A818257}.Release|x64.ActiveCfg = Release|Any CPU
		{5694D999-7082-4876-B168-76050A818257}.Release|x64.Build.0 = Release|Any CPU
		{5694D999-7082-4876-B168-76050A818257}.Release|x86.ActiveCfg = Release|Any CPU
		{5694D999-7082-4876-B168-76050A818257}.Release|x86.Build.0 = Release|Any CPU
		{F7D23F80-8433-1F99-0292-D9D93648F2CC}.Debug|Any CPU.ActiveCfg = Debug|Any CPU
		{F7D23F80-8433-1F99-0292-D9D93648F2CC}.Debug|Any CPU.Build.0 = Debug|Any CPU
		{F7D23F80-8433-1F99-0292-D9D93648F2CC}.Debug|x64.ActiveCfg = Debug|Any CPU
		{F7D23F80-8433-1F99-0292-D9D93648F2CC}.Debug|x64.Build.0 = Debug|Any CPU
		{F7D23F80-8433-1F99-0292-D9D93648F2CC}.Debug|x86.ActiveCfg = Debug|Any CPU
		{F7D23F80-8433-1F99-0292-D9D93648F2CC}.Debug|x86.Build.0 = Debug|Any CPU
		{F7D23F80-8433-1F99-0292-D9D93648F2CC}.Release|Any CPU.ActiveCfg = Release|Any CPU
		{F7D23F80-8433-1F99-0292-D9D93648F2CC}.Release|Any CPU.Build.0 = Release|Any CPU
		{F7D23F80-8433-1F99-0292-D9D93648F2CC}.Release|x64.ActiveCfg = Release|Any CPU
		{F7D23F80-8433-1F99-0292-D9D93648F2CC}.Release|x64.Build.0 = Release|Any CPU
		{F7D23F80-8433-1F99-0292-D9D93648F2CC}.Release|x86.ActiveCfg = Release|Any CPU
		{F7D23F80-8433-1F99-0292-D9D93648F2CC}.Release|x86.Build.0 = Release|Any CPU
		{690E9B1E-8870-498B-A8BB-A89C6F704481}.Debug|Any CPU.ActiveCfg = Debug|Any CPU
		{690E9B1E-8870-498B-A8BB-A89C6F704481}.Debug|Any CPU.Build.0 = Debug|Any CPU
		{690E9B1E-8870-498B-A8BB-A89C6F704481}.Debug|x64.ActiveCfg = Debug|Any CPU
		{690E9B1E-8870-498B-A8BB-A89C6F704481}.Debug|x64.Build.0 = Debug|Any CPU
		{690E9B1E-8870-498B-A8BB-A89C6F704481}.Debug|x86.ActiveCfg = Debug|Any CPU
		{690E9B1E-8870-498B-A8BB-A89C6F704481}.Debug|x86.Build.0 = Debug|Any CPU
		{690E9B1E-8870-498B-A8BB-A89C6F704481}.Release|Any CPU.ActiveCfg = Release|Any CPU
		{690E9B1E-8870-498B-A8BB-A89C6F704481}.Release|Any CPU.Build.0 = Release|Any CPU
		{690E9B1E-8870-498B-A8BB-A89C6F704481}.Release|x64.ActiveCfg = Release|Any CPU
		{690E9B1E-8870-498B-A8BB-A89C6F704481}.Release|x64.Build.0 = Release|Any CPU
		{690E9B1E-8870-498B-A8BB-A89C6F704481}.Release|x86.ActiveCfg = Release|Any CPU
		{690E9B1E-8870-498B-A8BB-A89C6F704481}.Release|x86.Build.0 = Release|Any CPU
		{BB9AEEF9-8A1C-4B0B-9B18-726BE1A2A9A9}.Debug|Any CPU.ActiveCfg = Debug|Any CPU
		{BB9AEEF9-8A1C-4B0B-9B18-726BE1A2A9A9}.Debug|Any CPU.Build.0 = Debug|Any CPU
		{BB9AEEF9-8A1C-4B0B-9B18-726BE1A2A9A9}.Debug|x64.ActiveCfg = Debug|Any CPU
		{BB9AEEF9-8A1C-4B0B-9B18-726BE1A2A9A9}.Debug|x64.Build.0 = Debug|Any CPU
		{BB9AEEF9-8A1C-4B0B-9B18-726BE1A2A9A9}.Debug|x86.ActiveCfg = Debug|Any CPU
		{BB9AEEF9-8A1C-4B0B-9B18-726BE1A2A9A9}.Debug|x86.Build.0 = Debug|Any CPU
		{BB9AEEF9-8A1C-4B0B-9B18-726BE1A2A9A9}.Release|Any CPU.ActiveCfg = Release|Any CPU
		{BB9AEEF9-8A1C-4B0B-9B18-726BE1A2A9A9}.Release|Any CPU.Build.0 = Release|Any CPU
		{BB9AEEF9-8A1C-4B0B-9B18-726BE1A2A9A9}.Release|x64.ActiveCfg = Release|Any CPU
		{BB9AEEF9-8A1C-4B0B-9B18-726BE1A2A9A9}.Release|x64.Build.0 = Release|Any CPU
		{BB9AEEF9-8A1C-4B0B-9B18-726BE1A2A9A9}.Release|x86.ActiveCfg = Release|Any CPU
		{BB9AEEF9-8A1C-4B0B-9B18-726BE1A2A9A9}.Release|x86.Build.0 = Release|Any CPU
		{4232D471-EE49-4D51-9B19-7FD54751ED50}.Debug|Any CPU.ActiveCfg = Debug|Any CPU
		{4232D471-EE49-4D51-9B19-7FD54751ED50}.Debug|Any CPU.Build.0 = Debug|Any CPU
		{4232D471-EE49-4D51-9B19-7FD54751ED50}.Debug|x64.ActiveCfg = Debug|Any CPU
		{4232D471-EE49-4D51-9B19-7FD54751ED50}.Debug|x64.Build.0 = Debug|Any CPU
		{4232D471-EE49-4D51-9B19-7FD54751ED50}.Debug|x86.ActiveCfg = Debug|Any CPU
		{4232D471-EE49-4D51-9B19-7FD54751ED50}.Debug|x86.Build.0 = Debug|Any CPU
		{4232D471-EE49-4D51-9B19-7FD54751ED50}.Release|Any CPU.ActiveCfg = Release|Any CPU
		{4232D471-EE49-4D51-9B19-7FD54751ED50}.Release|Any CPU.Build.0 = Release|Any CPU
		{4232D471-EE49-4D51-9B19-7FD54751ED50}.Release|x64.ActiveCfg = Release|Any CPU
		{4232D471-EE49-4D51-9B19-7FD54751ED50}.Release|x64.Build.0 = Release|Any CPU
		{4232D471-EE49-4D51-9B19-7FD54751ED50}.Release|x86.ActiveCfg = Release|Any CPU
		{4232D471-EE49-4D51-9B19-7FD54751ED50}.Release|x86.Build.0 = Release|Any CPU
		{B4BFFE84-A91A-B324-EB5C-DA45E4EA2ECA}.Debug|Any CPU.ActiveCfg = Debug|Any CPU
		{B4BFFE84-A91A-B324-EB5C-DA45E4EA2ECA}.Debug|Any CPU.Build.0 = Debug|Any CPU
		{B4BFFE84-A91A-B324-EB5C-DA45E4EA2ECA}.Debug|x64.ActiveCfg = Debug|Any CPU
		{B4BFFE84-A91A-B324-EB5C-DA45E4EA2ECA}.Debug|x64.Build.0 = Debug|Any CPU
		{B4BFFE84-A91A-B324-EB5C-DA45E4EA2ECA}.Debug|x86.ActiveCfg = Debug|Any CPU
		{B4BFFE84-A91A-B324-EB5C-DA45E4EA2ECA}.Debug|x86.Build.0 = Debug|Any CPU
		{B4BFFE84-A91A-B324-EB5C-DA45E4EA2ECA}.Release|Any CPU.ActiveCfg = Release|Any CPU
		{B4BFFE84-A91A-B324-EB5C-DA45E4EA2ECA}.Release|Any CPU.Build.0 = Release|Any CPU
		{B4BFFE84-A91A-B324-EB5C-DA45E4EA2ECA}.Release|x64.ActiveCfg = Release|Any CPU
		{B4BFFE84-A91A-B324-EB5C-DA45E4EA2ECA}.Release|x64.Build.0 = Release|Any CPU
		{B4BFFE84-A91A-B324-EB5C-DA45E4EA2ECA}.Release|x86.ActiveCfg = Release|Any CPU
		{B4BFFE84-A91A-B324-EB5C-DA45E4EA2ECA}.Release|x86.Build.0 = Release|Any CPU
		{28CBE5B8-0497-426C-AD15-C946AD2E650B}.Debug|Any CPU.ActiveCfg = Debug|Any CPU
		{28CBE5B8-0497-426C-AD15-C946AD2E650B}.Debug|Any CPU.Build.0 = Debug|Any CPU
		{28CBE5B8-0497-426C-AD15-C946AD2E650B}.Debug|x64.ActiveCfg = Debug|Any CPU
		{28CBE5B8-0497-426C-AD15-C946AD2E650B}.Debug|x64.Build.0 = Debug|Any CPU
		{28CBE5B8-0497-426C-AD15-C946AD2E650B}.Debug|x86.ActiveCfg = Debug|Any CPU
		{28CBE5B8-0497-426C-AD15-C946AD2E650B}.Debug|x86.Build.0 = Debug|Any CPU
		{28CBE5B8-0497-426C-AD15-C946AD2E650B}.Release|Any CPU.ActiveCfg = Release|Any CPU
		{28CBE5B8-0497-426C-AD15-C946AD2E650B}.Release|Any CPU.Build.0 = Release|Any CPU
		{28CBE5B8-0497-426C-AD15-C946AD2E650B}.Release|x64.ActiveCfg = Release|Any CPU
		{28CBE5B8-0497-426C-AD15-C946AD2E650B}.Release|x64.Build.0 = Release|Any CPU
		{28CBE5B8-0497-426C-AD15-C946AD2E650B}.Release|x86.ActiveCfg = Release|Any CPU
		{28CBE5B8-0497-426C-AD15-C946AD2E650B}.Release|x86.Build.0 = Release|Any CPU
		{F07409DA-0120-45EC-B157-2954509A5530}.Debug|Any CPU.ActiveCfg = Debug|Any CPU
		{F07409DA-0120-45EC-B157-2954509A5530}.Debug|Any CPU.Build.0 = Debug|Any CPU
		{F07409DA-0120-45EC-B157-2954509A5530}.Debug|x64.ActiveCfg = Debug|Any CPU
		{F07409DA-0120-45EC-B157-2954509A5530}.Debug|x64.Build.0 = Debug|Any CPU
		{F07409DA-0120-45EC-B157-2954509A5530}.Debug|x86.ActiveCfg = Debug|Any CPU
		{F07409DA-0120-45EC-B157-2954509A5530}.Debug|x86.Build.0 = Debug|Any CPU
		{F07409DA-0120-45EC-B157-2954509A5530}.Release|Any CPU.ActiveCfg = Release|Any CPU
		{F07409DA-0120-45EC-B157-2954509A5530}.Release|Any CPU.Build.0 = Release|Any CPU
		{F07409DA-0120-45EC-B157-2954509A5530}.Release|x64.ActiveCfg = Release|Any CPU
		{F07409DA-0120-45EC-B157-2954509A5530}.Release|x64.Build.0 = Release|Any CPU
		{F07409DA-0120-45EC-B157-2954509A5530}.Release|x86.ActiveCfg = Release|Any CPU
		{F07409DA-0120-45EC-B157-2954509A5530}.Release|x86.Build.0 = Release|Any CPU
		{A6966B8E-7CF8-472D-B1C5-FC4AD9972BAC}.Debug|Any CPU.ActiveCfg = Debug|Any CPU
		{A6966B8E-7CF8-472D-B1C5-FC4AD9972BAC}.Debug|Any CPU.Build.0 = Debug|Any CPU
		{A6966B8E-7CF8-472D-B1C5-FC4AD9972BAC}.Debug|x64.ActiveCfg = Debug|Any CPU
		{A6966B8E-7CF8-472D-B1C5-FC4AD9972BAC}.Debug|x64.Build.0 = Debug|Any CPU
		{A6966B8E-7CF8-472D-B1C5-FC4AD9972BAC}.Debug|x86.ActiveCfg = Debug|Any CPU
		{A6966B8E-7CF8-472D-B1C5-FC4AD9972BAC}.Debug|x86.Build.0 = Debug|Any CPU
		{A6966B8E-7CF8-472D-B1C5-FC4AD9972BAC}.Release|Any CPU.ActiveCfg = Release|Any CPU
		{A6966B8E-7CF8-472D-B1C5-FC4AD9972BAC}.Release|Any CPU.Build.0 = Release|Any CPU
		{A6966B8E-7CF8-472D-B1C5-FC4AD9972BAC}.Release|x64.ActiveCfg = Release|Any CPU
		{A6966B8E-7CF8-472D-B1C5-FC4AD9972BAC}.Release|x64.Build.0 = Release|Any CPU
		{A6966B8E-7CF8-472D-B1C5-FC4AD9972BAC}.Release|x86.ActiveCfg = Release|Any CPU
		{A6966B8E-7CF8-472D-B1C5-FC4AD9972BAC}.Release|x86.Build.0 = Release|Any CPU
	EndGlobalSection
	GlobalSection(SolutionProperties) = preSolution
		HideSolutionNode = FALSE
	EndGlobalSection
	GlobalSection(NestedProjects) = preSolution
		{5694D999-7082-4876-B168-76050A818257} = {FD22464F-5455-4818-82A8-9369B87D561A}
		{F7D23F80-8433-1F99-0292-D9D93648F2CC} = {FD22464F-5455-4818-82A8-9369B87D561A}
		{BB9AEEF9-8A1C-4B0B-9B18-726BE1A2A9A9} = {FD22464F-5455-4818-82A8-9369B87D561A}
		{4232D471-EE49-4D51-9B19-7FD54751ED50} = {FD22464F-5455-4818-82A8-9369B87D561A}
		{28CBE5B8-0497-426C-AD15-C946AD2E650B} = {FD22464F-5455-4818-82A8-9369B87D561A}
		{A6966B8E-7CF8-472D-B1C5-FC4AD9972BAC} = {FD22464F-5455-4818-82A8-9369B87D561A}
	EndGlobalSection
	GlobalSection(ExtensibilityGlobals) = postSolution
		SolutionGuid = {6CF5FED0-29AC-4165-A6F7-4B7A2E997983}
	EndGlobalSection
EndGlobal
