Microsoft Visual Studio Solution File, Format Version 12.00
# Visual Studio Version 17
VisualStudioVersion = 17.13.35825.156
MinimumVisualStudioVersion = 10.0.40219.1
Project("{2150E333-8FDC-42A3-9474-1A3956D46DE8}") = "Configs", "Configs", "{02EA681E-C7D8-13C7-8484-4AC65E1B71E8}"
	ProjectSection(SolutionItems) = preProject
		.editorconfig = .editorconfig
		..\.gitattributes = ..\.gitattributes
		..\.gitignore = ..\.gitignore
		..\readme.md = ..\readme.md
	EndProjectSection
EndProject
Project("{FAE04EC0-301F-11D3-BF4B-00C04F79EFBC}") = "PasswordManager.Abstractions", "PasswordManager.Abstractions\PasswordManager.Abstractions.csproj", "{31802618-4E2D-4268-87D3-EF0AEF00767D}"
EndProject
Project("{FAE04EC0-301F-11D3-BF4B-00C04F79EFBC}") = "PasswordManager.External", "PasswordManager.External\PasswordManager.External.csproj", "{9FD77AAC-426D-4F69-A3B3-8A5345718235}"
EndProject
Project("{FAE04EC0-301F-11D3-BF4B-00C04F79EFBC}") = "PasswordManager.Core", "PasswordManager.Core\PasswordManager.Core.csproj", "{6912056A-157C-B0B1-1924-12A71F4DE6A5}"
EndProject
Project("{FAE04EC0-301F-11D3-BF4B-00C04F79EFBC}") = "PasswordManager.CLI", "PasswordManager.CLI\PasswordManager.CLI.csproj", "{D2E40DAE-E7BC-4744-8AB4-C3BC5CD3FC8E}"
EndProject
Project("{2150E333-8FDC-42A3-9474-1A3956D46DE8}") = "Tests", "Tests", "{FD22464F-5455-4818-82A8-9369B87D561A}"
EndProject
Project("{FAE04EC0-301F-11D3-BF4B-00C04F79EFBC}") = "PasswordManager.SecureData", "PasswordManager.SecureData\PasswordManager.SecureData.csproj", "{BEA6C713-8ED2-4E7C-8A23-77DF5AB726A2}"
EndProject
Project("{FAE04EC0-301F-11D3-BF4B-00C04F79EFBC}") = "PasswordManager.Core.Tests", "Test\PasswordManager.Core.Tests\PasswordManager.Core.Tests.csproj", "{8ADF3E5C-D205-14EA-3568-2CBB81B493B5}"
EndProject
Project("{FAE04EC0-301F-11D3-BF4B-00C04F79EFBC}") = "PasswordManager.External.Tests", "Tests\PasswordManager.External.Tests\PasswordManager.External.Tests.csproj", "{5694D999-7082-4876-B168-76050A818257}"
EndProject
Project("{2150E333-8FDC-42A3-9474-1A3956D46DE8}") = "CI", "CI", "{605C8049-7EE0-4F73-8564-55E519810207}"
	ProjectSection(SolutionItems) = preProject
		..\.github\workflows\dotnet.yml = ..\.github\workflows\dotnet.yml
	EndProjectSection
EndProject
Global
	GlobalSection(SolutionConfigurationPlatforms) = preSolution
		Debug|Any CPU = Debug|Any CPU
		Debug|x64 = Debug|x64
		Debug|x86 = Debug|x86
		Release|Any CPU = Release|Any CPU
		Release|x64 = Release|x64
		Release|x86 = Release|x86
	EndGlobalSection
	GlobalSection(ProjectConfigurationPlatforms) = postSolution
		{31802618-4E2D-4268-87D3-EF0AEF00767D}.Debug|Any CPU.ActiveCfg = Debug|Any CPU
		{31802618-4E2D-4268-87D3-EF0AEF00767D}.Debug|Any CPU.Build.0 = Debug|Any CPU
		{31802618-4E2D-4268-87D3-EF0AEF00767D}.Debug|x64.ActiveCfg = Debug|Any CPU
		{31802618-4E2D-4268-87D3-EF0AEF00767D}.Debug|x64.Build.0 = Debug|Any CPU
		{31802618-4E2D-4268-87D3-EF0AEF00767D}.Debug|x86.ActiveCfg = Debug|Any CPU
		{31802618-4E2D-4268-87D3-EF0AEF00767D}.Debug|x86.Build.0 = Debug|Any CPU
		{31802618-4E2D-4268-87D3-EF0AEF00767D}.Release|Any CPU.ActiveCfg = Release|Any CPU
		{31802618-4E2D-4268-87D3-EF0AEF00767D}.Release|Any CPU.Build.0 = Release|Any CPU
		{31802618-4E2D-4268-87D3-EF0AEF00767D}.Release|x64.ActiveCfg = Release|Any CPU
		{31802618-4E2D-4268-87D3-EF0AEF00767D}.Release|x64.Build.0 = Release|Any CPU
		{31802618-4E2D-4268-87D3-EF0AEF00767D}.Release|x86.ActiveCfg = Release|Any CPU
		{31802618-4E2D-4268-87D3-EF0AEF00767D}.Release|x86.Build.0 = Release|Any CPU
		{9FD77AAC-426D-4F69-A3B3-8A5345718235}.Debug|Any CPU.ActiveCfg = Debug|Any CPU
		{9FD77AAC-426D-4F69-A3B3-8A5345718235}.Debug|Any CPU.Build.0 = Debug|Any CPU
		{9FD77AAC-426D-4F69-A3B3-8A5345718235}.Debug|x64.ActiveCfg = Debug|Any CPU
		{9FD77AAC-426D-4F69-A3B3-8A5345718235}.Debug|x64.Build.0 = Debug|Any CPU
		{9FD77AAC-426D-4F69-A3B3-8A5345718235}.Debug|x86.ActiveCfg = Debug|Any CPU
		{9FD77AAC-426D-4F69-A3B3-8A5345718235}.Debug|x86.Build.0 = Debug|Any CPU
		{9FD77AAC-426D-4F69-A3B3-8A5345718235}.Release|Any CPU.ActiveCfg = Release|Any CPU
		{9FD77AAC-426D-4F69-A3B3-8A5345718235}.Release|Any CPU.Build.0 = Release|Any CPU
		{9FD77AAC-426D-4F69-A3B3-8A5345718235}.Release|x64.ActiveCfg = Release|Any CPU
		{9FD77AAC-426D-4F69-A3B3-8A5345718235}.Release|x64.Build.0 = Release|Any CPU
		{9FD77AAC-426D-4F69-A3B3-8A5345718235}.Release|x86.ActiveCfg = Release|Any CPU
		{9FD77AAC-426D-4F69-A3B3-8A5345718235}.Release|x86.Build.0 = Release|Any CPU
		{6912056A-157C-B0B1-1924-12A71F4DE6A5}.Debug|Any CPU.ActiveCfg = Debug|Any CPU
		{6912056A-157C-B0B1-1924-12A71F4DE6A5}.Debug|Any CPU.Build.0 = Debug|Any CPU
		{6912056A-157C-B0B1-1924-12A71F4DE6A5}.Debug|x64.ActiveCfg = Debug|Any CPU
		{6912056A-157C-B0B1-1924-12A71F4DE6A5}.Debug|x64.Build.0 = Debug|Any CPU
		{6912056A-157C-B0B1-1924-12A71F4DE6A5}.Debug|x86.ActiveCfg = Debug|Any CPU
		{6912056A-157C-B0B1-1924-12A71F4DE6A5}.Debug|x86.Build.0 = Debug|Any CPU
		{6912056A-157C-B0B1-1924-12A71F4DE6A5}.Release|Any CPU.ActiveCfg = Release|Any CPU
		{6912056A-157C-B0B1-1924-12A71F4DE6A5}.Release|Any CPU.Build.0 = Release|Any CPU
		{6912056A-157C-B0B1-1924-12A71F4DE6A5}.Release|x64.ActiveCfg = Release|Any CPU
		{6912056A-157C-B0B1-1924-12A71F4DE6A5}.Release|x64.Build.0 = Release|Any CPU
		{6912056A-157C-B0B1-1924-12A71F4DE6A5}.Release|x86.ActiveCfg = Release|Any CPU
		{6912056A-157C-B0B1-1924-12A71F4DE6A5}.Release|x86.Build.0 = Release|Any CPU
		{D2E40DAE-E7BC-4744-8AB4-C3BC5CD3FC8E}.Debug|Any CPU.ActiveCfg = Debug|Any CPU
		{D2E40DAE-E7BC-4744-8AB4-C3BC5CD3FC8E}.Debug|Any CPU.Build.0 = Debug|Any CPU
		{D2E40DAE-E7BC-4744-8AB4-C3BC5CD3FC8E}.Debug|x64.ActiveCfg = Debug|Any CPU
		{D2E40DAE-E7BC-4744-8AB4-C3BC5CD3FC8E}.Debug|x64.Build.0 = Debug|Any CPU
		{D2E40DAE-E7BC-4744-8AB4-C3BC5CD3FC8E}.Debug|x86.ActiveCfg = Debug|Any CPU
		{D2E40DAE-E7BC-4744-8AB4-C3BC5CD3FC8E}.Debug|x86.Build.0 = Debug|Any CPU
		{D2E40DAE-E7BC-4744-8AB4-C3BC5CD3FC8E}.Release|Any CPU.ActiveCfg = Release|Any CPU
		{D2E40DAE-E7BC-4744-8AB4-C3BC5CD3FC8E}.Release|Any CPU.Build.0 = Release|Any CPU
		{D2E40DAE-E7BC-4744-8AB4-C3BC5CD3FC8E}.Release|x64.ActiveCfg = Release|Any CPU
		{D2E40DAE-E7BC-4744-8AB4-C3BC5CD3FC8E}.Release|x64.Build.0 = Release|Any CPU
		{D2E40DAE-E7BC-4744-8AB4-C3BC5CD3FC8E}.Release|x86.ActiveCfg = Release|Any CPU
		{D2E40DAE-E7BC-4744-8AB4-C3BC5CD3FC8E}.Release|x86.Build.0 = Release|Any CPU
		{BEA6C713-8ED2-4E7C-8A23-77DF5AB726A2}.Debug|Any CPU.ActiveCfg = Debug|Any CPU
		{BEA6C713-8ED2-4E7C-8A23-77DF5AB726A2}.Debug|Any CPU.Build.0 = Debug|Any CPU
		{BEA6C713-8ED2-4E7C-8A23-77DF5AB726A2}.Debug|x64.ActiveCfg = Debug|Any CPU
		{BEA6C713-8ED2-4E7C-8A23-77DF5AB726A2}.Debug|x64.Build.0 = Debug|Any CPU
		{BEA6C713-8ED2-4E7C-8A23-77DF5AB726A2}.Debug|x86.ActiveCfg = Debug|Any CPU
		{BEA6C713-8ED2-4E7C-8A23-77DF5AB726A2}.Debug|x86.Build.0 = Debug|Any CPU
		{BEA6C713-8ED2-4E7C-8A23-77DF5AB726A2}.Release|Any CPU.ActiveCfg = Release|Any CPU
		{BEA6C713-8ED2-4E7C-8A23-77DF5AB726A2}.Release|Any CPU.Build.0 = Release|Any CPU
		{BEA6C713-8ED2-4E7C-8A23-77DF5AB726A2}.Release|x64.ActiveCfg = Release|Any CPU
		{BEA6C713-8ED2-4E7C-8A23-77DF5AB726A2}.Release|x64.Build.0 = Release|Any CPU
		{BEA6C713-8ED2-4E7C-8A23-77DF5AB726A2}.Release|x86.ActiveCfg = Release|Any CPU
		{BEA6C713-8ED2-4E7C-8A23-77DF5AB726A2}.Release|x86.Build.0 = Release|Any CPU
		{8ADF3E5C-D205-14EA-3568-2CBB81B493B5}.Debug|Any CPU.ActiveCfg = Debug|Any CPU
		{8ADF3E5C-D205-14EA-3568-2CBB81B493B5}.Debug|Any CPU.Build.0 = Debug|Any CPU
		{8ADF3E5C-D205-14EA-3568-2CBB81B493B5}.Debug|x64.ActiveCfg = Debug|Any CPU
		{8ADF3E5C-D205-14EA-3568-2CBB81B493B5}.Debug|x64.Build.0 = Debug|Any CPU
		{8ADF3E5C-D205-14EA-3568-2CBB81B493B5}.Debug|x86.ActiveCfg = Debug|Any CPU
		{8ADF3E5C-D205-14EA-3568-2CBB81B493B5}.Debug|x86.Build.0 = Debug|Any CPU
		{8ADF3E5C-D205-14EA-3568-2CBB81B493B5}.Release|Any CPU.ActiveCfg = Release|Any CPU
		{8ADF3E5C-D205-14EA-3568-2CBB81B493B5}.Release|Any CPU.Build.0 = Release|Any CPU
		{8ADF3E5C-D205-14EA-3568-2CBB81B493B5}.Release|x64.ActiveCfg = Release|Any CPU
		{8ADF3E5C-D205-14EA-3568-2CBB81B493B5}.Release|x64.Build.0 = Release|Any CPU
		{8ADF3E5C-D205-14EA-3568-2CBB81B493B5}.Release|x86.ActiveCfg = Release|Any CPU
		{8ADF3E5C-D205-14EA-3568-2CBB81B493B5}.Release|x86.Build.0 = Release|Any CPU
		{5694D999-7082-4876-B168-76050A818257}.Debug|Any CPU.ActiveCfg = Debug|Any CPU
		{5694D999-7082-4876-B168-76050A818257}.Debug|Any CPU.Build.0 = Debug|Any CPU
		{5694D999-7082-4876-B168-76050A818257}.Debug|x64.ActiveCfg = Debug|Any CPU
		{5694D999-7082-4876-B168-76050A818257}.Debug|x64.Build.0 = Debug|Any CPU
		{5694D999-7082-4876-B168-76050A818257}.Debug|x86.ActiveCfg = Debug|Any CPU
		{5694D999-7082-4876-B168-76050A818257}.Debug|x86.Build.0 = Debug|Any CPU
		{5694D999-7082-4876-B168-76050A818257}.Release|Any CPU.ActiveCfg = Release|Any CPU
		{5694D999-7082-4876-B168-76050A818257}.Release|Any CPU.Build.0 = Release|Any CPU
		{5694D999-7082-4876-B168-76050A818257}.Release|x64.ActiveCfg = Release|Any CPU
		{5694D999-7082-4876-B168-76050A818257}.Release|x64.Build.0 = Release|Any CPU
		{5694D999-7082-4876-B168-76050A818257}.Release|x86.ActiveCfg = Release|Any CPU
		{5694D999-7082-4876-B168-76050A818257}.Release|x86.Build.0 = Release|Any CPU
	EndGlobalSection
	GlobalSection(SolutionProperties) = preSolution
		HideSolutionNode = FALSE
	EndGlobalSection
	GlobalSection(NestedProjects) = preSolution
		{8ADF3E5C-D205-14EA-3568-2CBB81B493B5} = {FD22464F-5455-4818-82A8-9369B87D561A}
		{5694D999-7082-4876-B168-76050A818257} = {FD22464F-5455-4818-82A8-9369B87D561A}
	EndGlobalSection
	GlobalSection(ExtensibilityGlobals) = postSolution
		SolutionGuid = {6CF5FED0-29AC-4165-A6F7-4B7A2E997983}
	EndGlobalSection
EndGlobal
